// !$*UTF8*$!
{
	archiveVersion = 1;
	classes = {
	};
	objectVersion = 46;
	objects = {

/* Begin PBXBuildFile section */
		2F9F3B5FA2B2F1548FBD64F3 /* libPods-BusinessCard.a in Frameworks */ = {isa = PBXBuildFile; fileRef = F1BE9EFA9F85168B7D151E68 /* libPods-BusinessCard.a */; };
		825C9FF31DE4255B00411618 /* TableViewController.m in Sources */ = {isa = PBXBuildFile; fileRef = 825C9FF21DE4255B00411618 /* TableViewController.m */; };
		82F35EF91DD4498400BE1FEB /* main.m in Sources */ = {isa = PBXBuildFile; fileRef = 82F35EF81DD4498400BE1FEB /* main.m */; };
		82F35EFC1DD4498400BE1FEB /* AppDelegate.m in Sources */ = {isa = PBXBuildFile; fileRef = 82F35EFB1DD4498400BE1FEB /* AppDelegate.m */; };
		82F35EFF1DD4498400BE1FEB /* ViewController.m in Sources */ = {isa = PBXBuildFile; fileRef = 82F35EFE1DD4498400BE1FEB /* ViewController.m */; };
		82F35F021DD4498400BE1FEB /* Main.storyboard in Resources */ = {isa = PBXBuildFile; fileRef = 82F35F001DD4498400BE1FEB /* Main.storyboard */; };
		82F35F041DD4498400BE1FEB /* Assets.xcassets in Resources */ = {isa = PBXBuildFile; fileRef = 82F35F031DD4498400BE1FEB /* Assets.xcassets */; };
		82F35F071DD4498400BE1FEB /* LaunchScreen.storyboard in Resources */ = {isa = PBXBuildFile; fileRef = 82F35F051DD4498400BE1FEB /* LaunchScreen.storyboard */; };
		82F35F101DD46F7300BE1FEB /* ServerCommunicator.m in Sources */ = {isa = PBXBuildFile; fileRef = 82F35F0F1DD46F7300BE1FEB /* ServerCommunicator.m */; };
/* End PBXBuildFile section */

/* Begin PBXFileReference section */
		20187EF799DFFB4A1CE1CA7B /* Pods-BusinessCard.debug.xcconfig */ = {isa = PBXFileReference; includeInIndex = 1; lastKnownFileType = text.xcconfig; name = "Pods-BusinessCard.debug.xcconfig"; path = "Pods/Target Support Files/Pods-BusinessCard/Pods-BusinessCard.debug.xcconfig"; sourceTree = "<group>"; };
		825C9FF11DE4255B00411618 /* TableViewController.h */ = {isa = PBXFileReference; fileEncoding = 4; lastKnownFileType = sourcecode.c.h; path = TableViewController.h; sourceTree = "<group>"; };
		825C9FF21DE4255B00411618 /* TableViewController.m */ = {isa = PBXFileReference; fileEncoding = 4; lastKnownFileType = sourcecode.c.objc; path = TableViewController.m; sourceTree = "<group>"; };
		82F35EF41DD4498400BE1FEB /* BusinessCard.app */ = {isa = PBXFileReference; explicitFileType = wrapper.application; includeInIndex = 0; path = BusinessCard.app; sourceTree = BUILT_PRODUCTS_DIR; };
		82F35EF81DD4498400BE1FEB /* main.m */ = {isa = PBXFileReference; lastKnownFileType = sourcecode.c.objc; path = main.m; sourceTree = "<group>"; };
		82F35EFA1DD4498400BE1FEB /* AppDelegate.h */ = {isa = PBXFileReference; lastKnownFileType = sourcecode.c.h; path = AppDelegate.h; sourceTree = "<group>"; };
		82F35EFB1DD4498400BE1FEB /* AppDelegate.m */ = {isa = PBXFileReference; lastKnownFileType = sourcecode.c.objc; path = AppDelegate.m; sourceTree = "<group>"; };
		82F35EFD1DD4498400BE1FEB /* ViewController.h */ = {isa = PBXFileReference; lastKnownFileType = sourcecode.c.h; path = ViewController.h; sourceTree = "<group>"; };
		82F35EFE1DD4498400BE1FEB /* ViewController.m */ = {isa = PBXFileReference; lastKnownFileType = sourcecode.c.objc; path = ViewController.m; sourceTree = "<group>"; };
		82F35F011DD4498400BE1FEB /* Base */ = {isa = PBXFileReference; lastKnownFileType = file.storyboard; name = Base; path = Base.lproj/Main.storyboard; sourceTree = "<group>"; };
		82F35F031DD4498400BE1FEB /* Assets.xcassets */ = {isa = PBXFileReference; lastKnownFileType = folder.assetcatalog; path = Assets.xcassets; sourceTree = "<group>"; };
		82F35F061DD4498400BE1FEB /* Base */ = {isa = PBXFileReference; lastKnownFileType = file.storyboard; name = Base; path = Base.lproj/LaunchScreen.storyboard; sourceTree = "<group>"; };
		82F35F081DD4498400BE1FEB /* Info.plist */ = {isa = PBXFileReference; lastKnownFileType = text.plist.xml; path = Info.plist; sourceTree = "<group>"; };
		82F35F0E1DD46F7300BE1FEB /* ServerCommunicator.h */ = {isa = PBXFileReference; fileEncoding = 4; lastKnownFileType = sourcecode.c.h; path = ServerCommunicator.h; sourceTree = "<group>"; };
		82F35F0F1DD46F7300BE1FEB /* ServerCommunicator.m */ = {isa = PBXFileReference; fileEncoding = 4; lastKnownFileType = sourcecode.c.objc; path = ServerCommunicator.m; sourceTree = "<group>"; };
		AC3F65BCC1AFDB8BF2B9750D /* Pods-BusinessCard.release.xcconfig */ = {isa = PBXFileReference; includeInIndex = 1; lastKnownFileType = text.xcconfig; name = "Pods-BusinessCard.release.xcconfig"; path = "Pods/Target Support Files/Pods-BusinessCard/Pods-BusinessCard.release.xcconfig"; sourceTree = "<group>"; };
		F1BE9EFA9F85168B7D151E68 /* libPods-BusinessCard.a */ = {isa = PBXFileReference; explicitFileType = archive.ar; includeInIndex = 0; path = "libPods-BusinessCard.a"; sourceTree = BUILT_PRODUCTS_DIR; };
/* End PBXFileReference section */

/* Begin PBXFrameworksBuildPhase section */
		82F35EF11DD4498400BE1FEB /* Frameworks */ = {
			isa = PBXFrameworksBuildPhase;
			buildActionMask = 2147483647;
			files = (
				2F9F3B5FA2B2F1548FBD64F3 /* libPods-BusinessCard.a in Frameworks */,
			);
			runOnlyForDeploymentPostprocessing = 0;
		};
/* End PBXFrameworksBuildPhase section */

/* Begin PBXGroup section */
		28F787093D880EFDC7284DF8 /* Frameworks */ = {
			isa = PBXGroup;
			children = (
				F1BE9EFA9F85168B7D151E68 /* libPods-BusinessCard.a */,
			);
			name = Frameworks;
			sourceTree = "<group>";
		};
		6D923F35D3220F10F2F55885 /* Pods */ = {
			isa = PBXGroup;
			children = (
				20187EF799DFFB4A1CE1CA7B /* Pods-BusinessCard.debug.xcconfig */,
				AC3F65BCC1AFDB8BF2B9750D /* Pods-BusinessCard.release.xcconfig */,
			);
			name = Pods;
			sourceTree = "<group>";
		};
		82F35EEB1DD4498400BE1FEB = {
			isa = PBXGroup;
			children = (
				82F35EF61DD4498400BE1FEB /* BusinessCard */,
				82F35EF51DD4498400BE1FEB /* Products */,
				6D923F35D3220F10F2F55885 /* Pods */,
				28F787093D880EFDC7284DF8 /* Frameworks */,
			);
			sourceTree = "<group>";
		};
		82F35EF51DD4498400BE1FEB /* Products */ = {
			isa = PBXGroup;
			children = (
				82F35EF41DD4498400BE1FEB /* BusinessCard.app */,
			);
			name = Products;
			sourceTree = "<group>";
		};
		82F35EF61DD4498400BE1FEB /* BusinessCard */ = {
			isa = PBXGroup;
			children = (
				82F35EFA1DD4498400BE1FEB /* AppDelegate.h */,
				82F35EFB1DD4498400BE1FEB /* AppDelegate.m */,
				82F35EFD1DD4498400BE1FEB /* ViewController.h */,
				82F35EFE1DD4498400BE1FEB /* ViewController.m */,
				82F35F001DD4498400BE1FEB /* Main.storyboard */,
				825C9FF11DE4255B00411618 /* TableViewController.h */,
				825C9FF21DE4255B00411618 /* TableViewController.m */,
				82F35F031DD4498400BE1FEB /* Assets.xcassets */,
				82F35F051DD4498400BE1FEB /* LaunchScreen.storyboard */,
				82F35F081DD4498400BE1FEB /* Info.plist */,
				82F35EF71DD4498400BE1FEB /* Supporting Files */,
				82F35F0E1DD46F7300BE1FEB /* ServerCommunicator.h */,
				82F35F0F1DD46F7300BE1FEB /* ServerCommunicator.m */,
			);
			path = BusinessCard;
			sourceTree = "<group>";
		};
		82F35EF71DD4498400BE1FEB /* Supporting Files */ = {
			isa = PBXGroup;
			children = (
				82F35EF81DD4498400BE1FEB /* main.m */,
			);
			name = "Supporting Files";
			sourceTree = "<group>";
		};
/* End PBXGroup section */

/* Begin PBXNativeTarget section */
		82F35EF31DD4498400BE1FEB /* BusinessCard */ = {
			isa = PBXNativeTarget;
			buildConfigurationList = 82F35F0B1DD4498400BE1FEB /* Build configuration list for PBXNativeTarget "BusinessCard" */;
			buildPhases = (
				4F151224757C4FB4911292B1 /* [CP] Check Pods Manifest.lock */,
				82F35EF01DD4498400BE1FEB /* Sources */,
				82F35EF11DD4498400BE1FEB /* Frameworks */,
				82F35EF21DD4498400BE1FEB /* Resources */,
				A6AE596DD4CB4C4E1375091B /* [CP] Embed Pods Frameworks */,
				76B163FE4E7171876E0A08D5 /* [CP] Copy Pods Resources */,
			);
			buildRules = (
			);
			dependencies = (
			);
			name = BusinessCard;
			productName = BusinessCard;
			productReference = 82F35EF41DD4498400BE1FEB /* BusinessCard.app */;
			productType = "com.apple.product-type.application";
		};
/* End PBXNativeTarget section */

/* Begin PBXProject section */
		82F35EEC1DD4498400BE1FEB /* Project object */ = {
			isa = PBXProject;
			attributes = {
				LastUpgradeCheck = 0810;
				ORGANIZATIONNAME = Snow;
				TargetAttributes = {
					82F35EF31DD4498400BE1FEB = {
						CreatedOnToolsVersion = 8.1;
						ProvisioningStyle = Automatic;
					};
				};
			};
			buildConfigurationList = 82F35EEF1DD4498400BE1FEB /* Build configuration list for PBXProject "BusinessCard" */;
			compatibilityVersion = "Xcode 3.2";
			developmentRegion = English;
			hasScannedForEncodings = 0;
			knownRegions = (
				en,
				Base,
			);
			mainGroup = 82F35EEB1DD4498400BE1FEB;
			productRefGroup = 82F35EF51DD4498400BE1FEB /* Products */;
			projectDirPath = "";
			projectRoot = "";
			targets = (
				82F35EF31DD4498400BE1FEB /* BusinessCard */,
			);
		};
/* End PBXProject section */

/* Begin PBXResourcesBuildPhase section */
		82F35EF21DD4498400BE1FEB /* Resources */ = {
			isa = PBXResourcesBuildPhase;
			buildActionMask = 2147483647;
			files = (
				82F35F071DD4498400BE1FEB /* LaunchScreen.storyboard in Resources */,
				82F35F041DD4498400BE1FEB /* Assets.xcassets in Resources */,
				82F35F021DD4498400BE1FEB /* Main.storyboard in Resources */,
			);
			runOnlyForDeploymentPostprocessing = 0;
		};
/* End PBXResourcesBuildPhase section */

/* Begin PBXShellScriptBuildPhase section */
		4F151224757C4FB4911292B1 /* [CP] Check Pods Manifest.lock */ = {
			isa = PBXShellScriptBuildPhase;
			buildActionMask = 2147483647;
			files = (
			);
			inputPaths = (
			);
			name = "[CP] Check Pods Manifest.lock";
			outputPaths = (
			);
			runOnlyForDeploymentPostprocessing = 0;
			shellPath = /bin/sh;
			shellScript = "diff \"${PODS_ROOT}/../Podfile.lock\" \"${PODS_ROOT}/Manifest.lock\" > /dev/null\nif [[ $? != 0 ]] ; then\n    cat << EOM\nerror: The sandbox is not in sync with the Podfile.lock. Run 'pod install' or update your CocoaPods installation.\nEOM\n    exit 1\nfi\n";
			showEnvVarsInLog = 0;
		};
		76B163FE4E7171876E0A08D5 /* [CP] Copy Pods Resources */ = {
			isa = PBXShellScriptBuildPhase;
			buildActionMask = 2147483647;
			files = (
			);
			inputPaths = (
			);
			name = "[CP] Copy Pods Resources";
			outputPaths = (
			);
			runOnlyForDeploymentPostprocessing = 0;
			shellPath = /bin/sh;
			shellScript = "\"${SRCROOT}/Pods/Target Support Files/Pods-BusinessCard/Pods-BusinessCard-resources.sh\"\n";
			showEnvVarsInLog = 0;
		};
		A6AE596DD4CB4C4E1375091B /* [CP] Embed Pods Frameworks */ = {
			isa = PBXShellScriptBuildPhase;
			buildActionMask = 2147483647;
			files = (
			);
			inputPaths = (
			);
			name = "[CP] Embed Pods Frameworks";
			outputPaths = (
			);
			runOnlyForDeploymentPostprocessing = 0;
			shellPath = /bin/sh;
			shellScript = "\"${SRCROOT}/Pods/Target Support Files/Pods-BusinessCard/Pods-BusinessCard-frameworks.sh\"\n";
			showEnvVarsInLog = 0;
		};
/* End PBXShellScriptBuildPhase section */

/* Begin PBXSourcesBuildPhase section */
		82F35EF01DD4498400BE1FEB /* Sources */ = {
			isa = PBXSourcesBuildPhase;
			buildActionMask = 2147483647;
			files = (
				82F35EFF1DD4498400BE1FEB /* ViewController.m in Sources */,
				82F35EFC1DD4498400BE1FEB /* AppDelegate.m in Sources */,
				82F35EF91DD4498400BE1FEB /* main.m in Sources */,
				825C9FF31DE4255B00411618 /* TableViewController.m in Sources */,
				82F35F101DD46F7300BE1FEB /* ServerCommunicator.m in Sources */,
			);
			runOnlyForDeploymentPostprocessing = 0;
		};
/* End PBXSourcesBuildPhase section */

/* Begin PBXVariantGroup section */
		82F35F001DD4498400BE1FEB /* Main.storyboard */ = {
			isa = PBXVariantGroup;
			children = (
				82F35F011DD4498400BE1FEB /* Base */,
			);
			name = Main.storyboard;
			sourceTree = "<group>";
		};
		82F35F051DD4498400BE1FEB /* LaunchScreen.storyboard */ = {
			isa = PBXVariantGroup;
			children = (
				82F35F061DD4498400BE1FEB /* Base */,
			);
			name = LaunchScreen.storyboard;
			sourceTree = "<group>";
		};
/* End PBXVariantGroup section */

/* Begin XCBuildConfiguration section */
		82F35F091DD4498400BE1FEB /* Debug */ = {
			isa = XCBuildConfiguration;
			buildSettings = {
				ALWAYS_SEARCH_USER_PATHS = NO;
				CLANG_ANALYZER_NONNULL = YES;
				CLANG_CXX_LANGUAGE_STANDARD = "gnu++0x";
				CLANG_CXX_LIBRARY = "libc++";
				CLANG_ENABLE_MODULES = YES;
				CLANG_ENABLE_OBJC_ARC = YES;
				CLANG_WARN_BOOL_CONVERSION = YES;
				CLANG_WARN_CONSTANT_CONVERSION = YES;
				CLANG_WARN_DIRECT_OBJC_ISA_USAGE = YES_ERROR;
				CLANG_WARN_DOCUMENTATION_COMMENTS = YES;
				CLANG_WARN_EMPTY_BODY = YES;
				CLANG_WARN_ENUM_CONVERSION = YES;
				CLANG_WARN_INFINITE_RECURSION = YES;
				CLANG_WARN_INT_CONVERSION = YES;
				CLANG_WARN_OBJC_ROOT_CLASS = YES_ERROR;
				CLANG_WARN_SUSPICIOUS_MOVES = YES;
				CLANG_WARN_UNREACHABLE_CODE = YES;
				CLANG_WARN__DUPLICATE_METHOD_MATCH = YES;
				"CODE_SIGN_IDENTITY[sdk=iphoneos*]" = "iPhone Developer";
				COPY_PHASE_STRIP = NO;
				DEBUG_INFORMATION_FORMAT = dwarf;
				ENABLE_STRICT_OBJC_MSGSEND = YES;
				ENABLE_TESTABILITY = YES;
				GCC_C_LANGUAGE_STANDARD = gnu99;
				GCC_DYNAMIC_NO_PIC = NO;
				GCC_NO_COMMON_BLOCKS = YES;
				GCC_OPTIMIZATION_LEVEL = 0;
				GCC_PREPROCESSOR_DEFINITIONS = (
					"DEBUG=1",
					"$(inherited)",
				);
				GCC_WARN_64_TO_32_BIT_CONVERSION = YES;
				GCC_WARN_ABOUT_RETURN_TYPE = YES_ERROR;
				GCC_WARN_UNDECLARED_SELECTOR = YES;
				GCC_WARN_UNINITIALIZED_AUTOS = YES_AGGRESSIVE;
				GCC_WARN_UNUSED_FUNCTION = YES;
				GCC_WARN_UNUSED_VARIABLE = YES;
				IPHONEOS_DEPLOYMENT_TARGET = 10.1;
				MTL_ENABLE_DEBUG_INFO = YES;
				ONLY_ACTIVE_ARCH = YES;
				SDKROOT = iphoneos;
				TARGETED_DEVICE_FAMILY = "1,2";
			};
			name = Debug;
		};
		82F35F0A1DD4498400BE1FEB /* Release */ = {
			isa = XCBuildConfiguration;
			buildSettings = {
				ALWAYS_SEARCH_USER_PATHS = NO;
				CLANG_ANALYZER_NONNULL = YES;
				CLANG_CXX_LANGUAGE_STANDARD = "gnu++0x";
				CLANG_CXX_LIBRARY = "libc++";
				CLANG_ENABLE_MODULES = YES;
				CLANG_ENABLE_OBJC_ARC = YES;
				CLANG_WARN_BOOL_CONVERSION = YES;
				CLANG_WARN_CONSTANT_CONVERSION = YES;
				CLANG_WARN_DIRECT_OBJC_ISA_USAGE = YES_ERROR;
				CLANG_WARN_DOCUMENTATION_COMMENTS = YES;
				CLANG_WARN_EMPTY_BODY = YES;
				CLANG_WARN_ENUM_CONVERSION = YES;
				CLANG_WARN_INFINITE_RECURSION = YES;
				CLANG_WARN_INT_CONVERSION = YES;
				CLANG_WARN_OBJC_ROOT_CLASS = YES_ERROR;
				CLANG_WARN_SUSPICIOUS_MOVES = YES;
				CLANG_WARN_UNREACHABLE_CODE = YES;
				CLANG_WARN__DUPLICATE_METHOD_MATCH = YES;
				"CODE_SIGN_IDENTITY[sdk=iphoneos*]" = "iPhone Developer";
				COPY_PHASE_STRIP = NO;
				DEBUG_INFORMATION_FORMAT = "dwarf-with-dsym";
				ENABLE_NS_ASSERTIONS = NO;
				ENABLE_STRICT_OBJC_MSGSEND = YES;
				GCC_C_LANGUAGE_STANDARD = gnu99;
				GCC_NO_COMMON_BLOCKS = YES;
				GCC_WARN_64_TO_32_BIT_CONVERSION = YES;
				GCC_WARN_ABOUT_RETURN_TYPE = YES_ERROR;
				GCC_WARN_UNDECLARED_SELECTOR = YES;
				GCC_WARN_UNINITIALIZED_AUTOS = YES_AGGRESSIVE;
				GCC_WARN_UNUSED_FUNCTION = YES;
				GCC_WARN_UNUSED_VARIABLE = YES;
				IPHONEOS_DEPLOYMENT_TARGET = 10.1;
				MTL_ENABLE_DEBUG_INFO = NO;
				SDKROOT = iphoneos;
				TARGETED_DEVICE_FAMILY = "1,2";
				VALIDATE_PRODUCT = YES;
			};
			name = Release;
		};
		82F35F0C1DD4498400BE1FEB /* Debug */ = {
			isa = XCBuildConfiguration;
			baseConfigurationReference = 20187EF799DFFB4A1CE1CA7B /* Pods-BusinessCard.debug.xcconfig */;
			buildSettings = {
				ASSETCATALOG_COMPILER_APPICON_NAME = AppIcon;
				INFOPLIST_FILE = BusinessCard/Info.plist;
				IPHONEOS_DEPLOYMENT_TARGET = 8.0;
				LD_RUNPATH_SEARCH_PATHS = "$(inherited) @executable_path/Frameworks";
				PRODUCT_BUNDLE_IDENTIFIER = com.snow.BusinessCard;
				PRODUCT_NAME = "$(TARGET_NAME)";
			};
			name = Debug;
		};
		82F35F0D1DD4498400BE1FEB /* Release */ = {
			isa = XCBuildConfiguration;
			baseConfigurationReference = AC3F65BCC1AFDB8BF2B9750D /* Pods-BusinessCard.release.xcconfig */;
			buildSettings = {
				ASSETCATALOG_COMPILER_APPICON_NAME = AppIcon;
				INFOPLIST_FILE = BusinessCard/Info.plist;
				IPHONEOS_DEPLOYMENT_TARGET = 8.0;
				LD_RUNPATH_SEARCH_PATHS = "$(inherited) @executable_path/Frameworks";
				PRODUCT_BUNDLE_IDENTIFIER = com.snow.BusinessCard;
				PRODUCT_NAME = "$(TARGET_NAME)";
			};
			name = Release;
		};
/* End XCBuildConfiguration section */

/* Begin XCConfigurationList section */
		82F35EEF1DD4498400BE1FEB /* Build configuration list for PBXProject "BusinessCard" */ = {
			isa = XCConfigurationList;
			buildConfigurations = (
				82F35F091DD4498400BE1FEB /* Debug */,
				82F35F0A1DD4498400BE1FEB /* Release */,
			);
			defaultConfigurationIsVisible = 0;
			defaultConfigurationName = Release;
		};
		82F35F0B1DD4498400BE1FEB /* Build configuration list for PBXNativeTarget "BusinessCard" */ = {
			isa = XCConfigurationList;
			buildConfigurations = (
				82F35F0C1DD4498400BE1FEB /* Debug */,
				82F35F0D1DD4498400BE1FEB /* Release */,
			);
			defaultConfigurationIsVisible = 0;
			defaultConfigurationName = Release;
		};
/* End XCConfigurationList section */
	};
	rootObject = 82F35EEC1DD4498400BE1FEB /* Project object */;
}
